// !$*UTF8*$!
{
	archiveVersion = 1;
	classes = {
	};
	objectVersion = 77;
	objects = {

/* Begin PBXBuildFile section */
		FEF340592E94C3ED000E3D37 /* ParallaxSwiftUI in Frameworks */ = {isa = PBXBuildFile; productRef = FEF340582E94C3ED000E3D37 /* ParallaxSwiftUI */; };
		FEFE657B2E93999E00A4528D /* GoogleGenerativeAI in Frameworks */ = {isa = PBXBuildFile; productRef = FEFE657A2E93999E00A4528D /* GoogleGenerativeAI */; };
/* End PBXBuildFile section */

/* Begin PBXContainerItemProxy section */
		FEFF80442E91C9670084556B /* PBXContainerItemProxy */ = {
			isa = PBXContainerItemProxy;
			containerPortal = FEFF802E2E91C9640084556B /* Project object */;
			proxyType = 1;
			remoteGlobalIDString = FEFF80352E91C9640084556B;
			remoteInfo = WeatherOrNot;
		};
		FEFF804E2E91C9670084556B /* PBXContainerItemProxy */ = {
			isa = PBXContainerItemProxy;
			containerPortal = FEFF802E2E91C9640084556B /* Project object */;
			proxyType = 1;
			remoteGlobalIDString = FEFF80352E91C9640084556B;
			remoteInfo = WeatherOrNot;
		};
/* End PBXContainerItemProxy section */

/* Begin PBXFileReference section */
		FEFF80362E91C9640084556B /* WeatherOrNot.app */ = {isa = PBXFileReference; explicitFileType = wrapper.application; includeInIndex = 0; path = WeatherOrNot.app; sourceTree = BUILT_PRODUCTS_DIR; };
		FEFF80432E91C9670084556B /* WeatherOrNotTests.xctest */ = {isa = PBXFileReference; explicitFileType = wrapper.cfbundle; includeInIndex = 0; path = WeatherOrNotTests.xctest; sourceTree = BUILT_PRODUCTS_DIR; };
		FEFF804D2E91C9670084556B /* WeatherOrNotUITests.xctest */ = {isa = PBXFileReference; explicitFileType = wrapper.cfbundle; includeInIndex = 0; path = WeatherOrNotUITests.xctest; sourceTree = BUILT_PRODUCTS_DIR; };
/* End PBXFileReference section */

/* Begin PBXFileSystemSynchronizedRootGroup section */
		FEFF80382E91C9640084556B /* WeatherOrNot */ = {
			isa = PBXFileSystemSynchronizedRootGroup;
			path = WeatherOrNot;
			sourceTree = "<group>";
		};
		FEFF80462E91C9670084556B /* WeatherOrNotTests */ = {
			isa = PBXFileSystemSynchronizedRootGroup;
			path = WeatherOrNotTests;
			sourceTree = "<group>";
		};
		FEFF80502E91C9670084556B /* WeatherOrNotUITests */ = {
			isa = PBXFileSystemSynchronizedRootGroup;
			path = WeatherOrNotUITests;
			sourceTree = "<group>";
		};
/* End PBXFileSystemSynchronizedRootGroup section */

/* Begin PBXFrameworksBuildPhase section */
		FEFF80332E91C9640084556B /* Frameworks */ = {
			isa = PBXFrameworksBuildPhase;
			buildActionMask = 2147483647;
			files = (
				FEFE657B2E93999E00A4528D /* GoogleGenerativeAI in Frameworks */,
				FEF340592E94C3ED000E3D37 /* ParallaxSwiftUI in Frameworks */,
			);
			runOnlyForDeploymentPostprocessing = 0;
		};
		FEFF80402E91C9670084556B /* Frameworks */ = {
			isa = PBXFrameworksBuildPhase;
			buildActionMask = 2147483647;
			files = (
			);
			runOnlyForDeploymentPostprocessing = 0;
		};
		FEFF804A2E91C9670084556B /* Frameworks */ = {
			isa = PBXFrameworksBuildPhase;
			buildActionMask = 2147483647;
			files = (
			);
			runOnlyForDeploymentPostprocessing = 0;
		};
/* End PBXFrameworksBuildPhase section */

/* Begin PBXGroup section */
		FEFF802D2E91C9640084556B = {
			isa = PBXGroup;
			children = (
				FEFF80382E91C9640084556B /* WeatherOrNot */,
				FEFF80462E91C9670084556B /* WeatherOrNotTests */,
				FEFF80502E91C9670084556B /* WeatherOrNotUITests */,
				FEFF80372E91C9640084556B /* Products */,
			);
			sourceTree = "<group>";
		};
		FEFF80372E91C9640084556B /* Products */ = {
			isa = PBXGroup;
			children = (
				FEFF80362E91C9640084556B /* WeatherOrNot.app */,
				FEFF80432E91C9670084556B /* WeatherOrNotTests.xctest */,
				FEFF804D2E91C9670084556B /* WeatherOrNotUITests.xctest */,
			);
			name = Products;
			sourceTree = "<group>";
		};
/* End PBXGroup section */

/* Begin PBXNativeTarget section */
		FEFF80352E91C9640084556B /* WeatherOrNot */ = {
			isa = PBXNativeTarget;
			buildConfigurationList = FEFF80572E91C9670084556B /* Build configuration list for PBXNativeTarget "WeatherOrNot" */;
			buildPhases = (
				FEFF80322E91C9640084556B /* Sources */,
				FEFF80332E91C9640084556B /* Frameworks */,
				FEFF80342E91C9640084556B /* Resources */,
			);
			buildRules = (
			);
			dependencies = (
			);
			fileSystemSynchronizedGroups = (
				FEFF80382E91C9640084556B /* WeatherOrNot */,
			);
			name = WeatherOrNot;
			packageProductDependencies = (
				FEFE657A2E93999E00A4528D /* GoogleGenerativeAI */,
				FEF340582E94C3ED000E3D37 /* ParallaxSwiftUI */,
			);
			productName = WeatherOrNot;
			productReference = FEFF80362E91C9640084556B /* WeatherOrNot.app */;
			productType = "com.apple.product-type.application";
		};
		FEFF80422E91C9670084556B /* WeatherOrNotTests */ = {
			isa = PBXNativeTarget;
			buildConfigurationList = FEFF805A2E91C9670084556B /* Build configuration list for PBXNativeTarget "WeatherOrNotTests" */;
			buildPhases = (
				FEFF803F2E91C9670084556B /* Sources */,
				FEFF80402E91C9670084556B /* Frameworks */,
				FEFF80412E91C9670084556B /* Resources */,
			);
			buildRules = (
			);
			dependencies = (
				FEFF80452E91C9670084556B /* PBXTargetDependency */,
			);
			fileSystemSynchronizedGroups = (
				FEFF80462E91C9670084556B /* WeatherOrNotTests */,
			);
			name = WeatherOrNotTests;
			packageProductDependencies = (
			);
			productName = WeatherOrNotTests;
			productReference = FEFF80432E91C9670084556B /* WeatherOrNotTests.xctest */;
			productType = "com.apple.product-type.bundle.unit-test";
		};
		FEFF804C2E91C9670084556B /* WeatherOrNotUITests */ = {
			isa = PBXNativeTarget;
			buildConfigurationList = FEFF805D2E91C9670084556B /* Build configuration list for PBXNativeTarget "WeatherOrNotUITests" */;
			buildPhases = (
				FEFF80492E91C9670084556B /* Sources */,
				FEFF804A2E91C9670084556B /* Frameworks */,
				FEFF804B2E91C9670084556B /* Resources */,
			);
			buildRules = (
			);
			dependencies = (
				FEFF804F2E91C9670084556B /* PBXTargetDependency */,
			);
			fileSystemSynchronizedGroups = (
				FEFF80502E91C9670084556B /* WeatherOrNotUITests */,
			);
			name = WeatherOrNotUITests;
			packageProductDependencies = (
			);
			productName = WeatherOrNotUITests;
			productReference = FEFF804D2E91C9670084556B /* WeatherOrNotUITests.xctest */;
			productType = "com.apple.product-type.bundle.ui-testing";
		};
/* End PBXNativeTarget section */

/* Begin PBXProject section */
		FEFF802E2E91C9640084556B /* Project object */ = {
			isa = PBXProject;
			attributes = {
				BuildIndependentTargetsInParallel = 1;
				LastSwiftUpdateCheck = 2600;
				LastUpgradeCheck = 2600;
				TargetAttributes = {
					FEFF80352E91C9640084556B = {
						CreatedOnToolsVersion = 26.0;
					};
					FEFF80422E91C9670084556B = {
						CreatedOnToolsVersion = 26.0;
						TestTargetID = FEFF80352E91C9640084556B;
					};
					FEFF804C2E91C9670084556B = {
						CreatedOnToolsVersion = 26.0;
						TestTargetID = FEFF80352E91C9640084556B;
					};
				};
			};
			buildConfigurationList = FEFF80312E91C9640084556B /* Build configuration list for PBXProject "WeatherOrNot" */;
			developmentRegion = en;
			hasScannedForEncodings = 0;
			knownRegions = (
				en,
				Base,
			);
			mainGroup = FEFF802D2E91C9640084556B;
			minimizedProjectReferenceProxies = 1;
			packageReferences = (
				FEFE65792E93999E00A4528D /* XCRemoteSwiftPackageReference "generative-ai-swift" */,
				FEF340572E94C3ED000E3D37 /* XCRemoteSwiftPackageReference "ParallaxSwiftUI" */,
			);
			preferredProjectObjectVersion = 77;
			productRefGroup = FEFF80372E91C9640084556B /* Products */;
			projectDirPath = "";
			projectRoot = "";
			targets = (
				FEFF80352E91C9640084556B /* WeatherOrNot */,
				FEFF80422E91C9670084556B /* WeatherOrNotTests */,
				FEFF804C2E91C9670084556B /* WeatherOrNotUITests */,
			);
		};
/* End PBXProject section */

/* Begin PBXResourcesBuildPhase section */
		FEFF80342E91C9640084556B /* Resources */ = {
			isa = PBXResourcesBuildPhase;
			buildActionMask = 2147483647;
			files = (
			);
			runOnlyForDeploymentPostprocessing = 0;
		};
		FEFF80412E91C9670084556B /* Resources */ = {
			isa = PBXResourcesBuildPhase;
			buildActionMask = 2147483647;
			files = (
			);
			runOnlyForDeploymentPostprocessing = 0;
		};
		FEFF804B2E91C9670084556B /* Resources */ = {
			isa = PBXResourcesBuildPhase;
			buildActionMask = 2147483647;
			files = (
			);
			runOnlyForDeploymentPostprocessing = 0;
		};
/* End PBXResourcesBuildPhase section */

/* Begin PBXSourcesBuildPhase section */
		FEFF80322E91C9640084556B /* Sources */ = {
			isa = PBXSourcesBuildPhase;
			buildActionMask = 2147483647;
			files = (
			);
			runOnlyForDeploymentPostprocessing = 0;
		};
		FEFF803F2E91C9670084556B /* Sources */ = {
			isa = PBXSourcesBuildPhase;
			buildActionMask = 2147483647;
			files = (
			);
			runOnlyForDeploymentPostprocessing = 0;
		};
		FEFF80492E91C9670084556B /* Sources */ = {
			isa = PBXSourcesBuildPhase;
			buildActionMask = 2147483647;
			files = (
			);
			runOnlyForDeploymentPostprocessing = 0;
		};
/* End PBXSourcesBuildPhase section */

/* Begin PBXTargetDependency section */
		FEFF80452E91C9670084556B /* PBXTargetDependency */ = {
			isa = PBXTargetDependency;
			target = FEFF80352E91C9640084556B /* WeatherOrNot */;
			targetProxy = FEFF80442E91C9670084556B /* PBXContainerItemProxy */;
		};
		FEFF804F2E91C9670084556B /* PBXTargetDependency */ = {
			isa = PBXTargetDependency;
			target = FEFF80352E91C9640084556B /* WeatherOrNot */;
			targetProxy = FEFF804E2E91C9670084556B /* PBXContainerItemProxy */;
		};
/* End PBXTargetDependency section */

/* Begin XCBuildConfiguration section */
		FEFF80552E91C9670084556B /* Debug */ = {
			isa = XCBuildConfiguration;
			buildSettings = {
				ALWAYS_SEARCH_USER_PATHS = NO;
				ASSETCATALOG_COMPILER_GENERATE_SWIFT_ASSET_SYMBOL_EXTENSIONS = YES;
				CLANG_ANALYZER_NONNULL = YES;
				CLANG_ANALYZER_NUMBER_OBJECT_CONVERSION = YES_AGGRESSIVE;
				CLANG_CXX_LANGUAGE_STANDARD = "gnu++20";
				CLANG_ENABLE_MODULES = YES;
				CLANG_ENABLE_OBJC_ARC = YES;
				CLANG_ENABLE_OBJC_WEAK = YES;
				CLANG_WARN_BLOCK_CAPTURE_AUTORELEASING = YES;
				CLANG_WARN_BOOL_CONVERSION = YES;
				CLANG_WARN_COMMA = YES;
				CLANG_WARN_CONSTANT_CONVERSION = YES;
				CLANG_WARN_DEPRECATED_OBJC_IMPLEMENTATIONS = YES;
				CLANG_WARN_DIRECT_OBJC_ISA_USAGE = YES_ERROR;
				CLANG_WARN_DOCUMENTATION_COMMENTS = YES;
				CLANG_WARN_EMPTY_BODY = YES;
				CLANG_WARN_ENUM_CONVERSION = YES;
				CLANG_WARN_INFINITE_RECURSION = YES;
				CLANG_WARN_INT_CONVERSION = YES;
				CLANG_WARN_NON_LITERAL_NULL_CONVERSION = YES;
				CLANG_WARN_OBJC_IMPLICIT_RETAIN_SELF = YES;
				CLANG_WARN_OBJC_LITERAL_CONVERSION = YES;
				CLANG_WARN_OBJC_ROOT_CLASS = YES_ERROR;
				CLANG_WARN_QUOTED_INCLUDE_IN_FRAMEWORK_HEADER = YES;
				CLANG_WARN_RANGE_LOOP_ANALYSIS = YES;
				CLANG_WARN_STRICT_PROTOTYPES = YES;
				CLANG_WARN_SUSPICIOUS_MOVE = YES;
				CLANG_WARN_UNGUARDED_AVAILABILITY = YES_AGGRESSIVE;
				CLANG_WARN_UNREACHABLE_CODE = YES;
				CLANG_WARN__DUPLICATE_METHOD_MATCH = YES;
				COPY_PHASE_STRIP = NO;
				DEBUG_INFORMATION_FORMAT = dwarf;
				DEVELOPMENT_TEAM = T8J393GKX3;
				ENABLE_STRICT_OBJC_MSGSEND = YES;
				ENABLE_TESTABILITY = YES;
				ENABLE_USER_SCRIPT_SANDBOXING = YES;
				GCC_C_LANGUAGE_STANDARD = gnu17;
				GCC_DYNAMIC_NO_PIC = NO;
				GCC_NO_COMMON_BLOCKS = YES;
				GCC_OPTIMIZATION_LEVEL = 0;
				GCC_PREPROCESSOR_DEFINITIONS = (
					"DEBUG=1",
					"$(inherited)",
				);
				GCC_WARN_64_TO_32_BIT_CONVERSION = YES;
				GCC_WARN_ABOUT_RETURN_TYPE = YES_ERROR;
				GCC_WARN_UNDECLARED_SELECTOR = YES;
				GCC_WARN_UNINITIALIZED_AUTOS = YES_AGGRESSIVE;
				GCC_WARN_UNUSED_FUNCTION = YES;
				GCC_WARN_UNUSED_VARIABLE = YES;
				IPHONEOS_DEPLOYMENT_TARGET = 26.0;
				LOCALIZATION_PREFERS_STRING_CATALOGS = YES;
				MTL_ENABLE_DEBUG_INFO = INCLUDE_SOURCE;
				MTL_FAST_MATH = YES;
				ONLY_ACTIVE_ARCH = YES;
				SDKROOT = iphoneos;
				SWIFT_ACTIVE_COMPILATION_CONDITIONS = "DEBUG $(inherited)";
				SWIFT_OPTIMIZATION_LEVEL = "-Onone";
			};
			name = Debug;
		};
		FEFF80562E91C9670084556B /* Release */ = {
			isa = XCBuildConfiguration;
			buildSettings = {
				ALWAYS_SEARCH_USER_PATHS = NO;
				ASSETCATALOG_COMPILER_GENERATE_SWIFT_ASSET_SYMBOL_EXTENSIONS = YES;
				CLANG_ANALYZER_NONNULL = YES;
				CLANG_ANALYZER_NUMBER_OBJECT_CONVERSION = YES_AGGRESSIVE;
				CLANG_CXX_LANGUAGE_STANDARD = "gnu++20";
				CLANG_ENABLE_MODULES = YES;
				CLANG_ENABLE_OBJC_ARC = YES;
				CLANG_ENABLE_OBJC_WEAK = YES;
				CLANG_WARN_BLOCK_CAPTURE_AUTORELEASING = YES;
				CLANG_WARN_BOOL_CONVERSION = YES;
				CLANG_WARN_COMMA = YES;
				CLANG_WARN_CONSTANT_CONVERSION = YES;
				CLANG_WARN_DEPRECATED_OBJC_IMPLEMENTATIONS = YES;
				CLANG_WARN_DIRECT_OBJC_ISA_USAGE = YES_ERROR;
				CLANG_WARN_DOCUMENTATION_COMMENTS = YES;
				CLANG_WARN_EMPTY_BODY = YES;
				CLANG_WARN_ENUM_CONVERSION = YES;
				CLANG_WARN_INFINITE_RECURSION = YES;
				CLANG_WARN_INT_CONVERSION = YES;
				CLANG_WARN_NON_LITERAL_NULL_CONVERSION = YES;
				CLANG_WARN_OBJC_IMPLICIT_RETAIN_SELF = YES;
				CLANG_WARN_OBJC_LITERAL_CONVERSION = YES;
				CLANG_WARN_OBJC_ROOT_CLASS = YES_ERROR;
				CLANG_WARN_QUOTED_INCLUDE_IN_FRAMEWORK_HEADER = YES;
				CLANG_WARN_RANGE_LOOP_ANALYSIS = YES;
				CLANG_WARN_STRICT_PROTOTYPES = YES;
				CLANG_WARN_SUSPICIOUS_MOVE = YES;
				CLANG_WARN_UNGUARDED_AVAILABILITY = YES_AGGRESSIVE;
				CLANG_WARN_UNREACHABLE_CODE = YES;
				CLANG_WARN__DUPLICATE_METHOD_MATCH = YES;
				COPY_PHASE_STRIP = NO;
				DEBUG_INFORMATION_FORMAT = "dwarf-with-dsym";
				DEVELOPMENT_TEAM = T8J393GKX3;
				ENABLE_NS_ASSERTIONS = NO;
				ENABLE_STRICT_OBJC_MSGSEND = YES;
				ENABLE_USER_SCRIPT_SANDBOXING = YES;
				GCC_C_LANGUAGE_STANDARD = gnu17;
				GCC_NO_COMMON_BLOCKS = YES;
				GCC_WARN_64_TO_32_BIT_CONVERSION = YES;
				GCC_WARN_ABOUT_RETURN_TYPE = YES_ERROR;
				GCC_WARN_UNDECLARED_SELECTOR = YES;
				GCC_WARN_UNINITIALIZED_AUTOS = YES_AGGRESSIVE;
				GCC_WARN_UNUSED_FUNCTION = YES;
				GCC_WARN_UNUSED_VARIABLE = YES;
				IPHONEOS_DEPLOYMENT_TARGET = 26.0;
				LOCALIZATION_PREFERS_STRING_CATALOGS = YES;
				MTL_ENABLE_DEBUG_INFO = NO;
				MTL_FAST_MATH = YES;
				SDKROOT = iphoneos;
				SWIFT_COMPILATION_MODE = wholemodule;
				VALIDATE_PRODUCT = YES;
			};
			name = Release;
		};
		FEFF80582E91C9670084556B /* Debug */ = {
			isa = XCBuildConfiguration;
			buildSettings = {
				ASSETCATALOG_COMPILER_APPICON_NAME = AppIcon;
				ASSETCATALOG_COMPILER_GLOBAL_ACCENT_COLOR_NAME = AccentColor;
				CODE_SIGN_STYLE = Automatic;
				CURRENT_PROJECT_VERSION = 1;
				DEVELOPMENT_TEAM = T8J393GKX3;
				ENABLE_PREVIEWS = YES;
				GENERATE_INFOPLIST_FILE = YES;
				INFOPLIST_KEY_CFBundleDisplayName = Delphi;
				INFOPLIST_KEY_NSLocationWhenInUseUsageDescription = "";
				INFOPLIST_KEY_UIApplicationSceneManifest_Generation = YES;
				INFOPLIST_KEY_UIApplicationSupportsIndirectInputEvents = YES;
				INFOPLIST_KEY_UILaunchScreen_Generation = YES;
				INFOPLIST_KEY_UISupportedInterfaceOrientations_iPad = "UIInterfaceOrientationPortrait UIInterfaceOrientationPortraitUpsideDown UIInterfaceOrientationLandscapeLeft UIInterfaceOrientationLandscapeRight";
				INFOPLIST_KEY_UISupportedInterfaceOrientations_iPhone = "UIInterfaceOrientationPortrait UIInterfaceOrientationLandscapeLeft UIInterfaceOrientationLandscapeRight";
				LD_RUNPATH_SEARCH_PATHS = (
					"$(inherited)",
					"@executable_path/Frameworks",
				);
				MARKETING_VERSION = 1.0;
				PRODUCT_BUNDLE_IDENTIFIER = Chey.WeatherOrNot;
				PRODUCT_NAME = "$(TARGET_NAME)";
				STRING_CATALOG_GENERATE_SYMBOLS = YES;
				SWIFT_APPROACHABLE_CONCURRENCY = YES;
				SWIFT_DEFAULT_ACTOR_ISOLATION = MainActor;
				SWIFT_EMIT_LOC_STRINGS = YES;
				SWIFT_UPCOMING_FEATURE_MEMBER_IMPORT_VISIBILITY = YES;
				SWIFT_VERSION = 5.0;
				TARGETED_DEVICE_FAMILY = "1,2";
			};
			name = Debug;
		};
		FEFF80592E91C9670084556B /* Release */ = {
			isa = XCBuildConfiguration;
			buildSettings = {
				ASSETCATALOG_COMPILER_APPICON_NAME = AppIcon;
				ASSETCATALOG_COMPILER_GLOBAL_ACCENT_COLOR_NAME = AccentColor;
				CODE_SIGN_STYLE = Automatic;
				CURRENT_PROJECT_VERSION = 1;
				DEVELOPMENT_TEAM = T8J393GKX3;
				ENABLE_PREVIEWS = YES;
				GENERATE_INFOPLIST_FILE = YES;
				INFOPLIST_KEY_CFBundleDisplayName = Delphi;
				INFOPLIST_KEY_NSLocationWhenInUseUsageDescription = "";
				INFOPLIST_KEY_UIApplicationSceneManifest_Generation = YES;
				INFOPLIST_KEY_UIApplicationSupportsIndirectInputEvents = YES;
				INFOPLIST_KEY_UILaunchScreen_Generation = YES;
				INFOPLIST_KEY_UISupportedInterfaceOrientations_iPad = "UIInterfaceOrientationPortrait UIInterfaceOrientationPortraitUpsideDown UIInterfaceOrientationLandscapeLeft UIInterfaceOrientationLandscapeRight";
				INFOPLIST_KEY_UISupportedInterfaceOrientations_iPhone = "UIInterfaceOrientationPortrait UIInterfaceOrientationLandscapeLeft UIInterfaceOrientationLandscapeRight";
				LD_RUNPATH_SEARCH_PATHS = (
					"$(inherited)",
					"@executable_path/Frameworks",
				);
				MARKETING_VERSION = 1.0;
				PRODUCT_BUNDLE_IDENTIFIER = Chey.WeatherOrNot;
				PRODUCT_NAME = "$(TARGET_NAME)";
				STRING_CATALOG_GENERATE_SYMBOLS = YES;
				SWIFT_APPROACHABLE_CONCURRENCY = YES;
				SWIFT_DEFAULT_ACTOR_ISOLATION = MainActor;
				SWIFT_EMIT_LOC_STRINGS = YES;
				SWIFT_UPCOMING_FEATURE_MEMBER_IMPORT_VISIBILITY = YES;
				SWIFT_VERSION = 5.0;
				TARGETED_DEVICE_FAMILY = "1,2";
			};
			name = Release;
		};
		FEFF805B2E91C9670084556B /* Debug */ = {
			isa = XCBuildConfiguration;
			buildSettings = {
				BUNDLE_LOADER = "$(TEST_HOST)";
				CODE_SIGN_STYLE = Automatic;
				CURRENT_PROJECT_VERSION = 1;
				DEVELOPMENT_TEAM = T8J393GKX3;
				GENERATE_INFOPLIST_FILE = YES;
				IPHONEOS_DEPLOYMENT_TARGET = 26.0;
				MARKETING_VERSION = 1.0;
				PRODUCT_BUNDLE_IDENTIFIER = Chey.WeatherOrNotTests;
				PRODUCT_NAME = "$(TARGET_NAME)";
				STRING_CATALOG_GENERATE_SYMBOLS = NO;
				SWIFT_APPROACHABLE_CONCURRENCY = YES;
				SWIFT_EMIT_LOC_STRINGS = NO;
				SWIFT_UPCOMING_FEATURE_MEMBER_IMPORT_VISIBILITY = YES;
				SWIFT_VERSION = 5.0;
				TARGETED_DEVICE_FAMILY = "1,2";
				TEST_HOST = "$(BUILT_PRODUCTS_DIR)/WeatherOrNot.app/$(BUNDLE_EXECUTABLE_FOLDER_PATH)/WeatherOrNot";
			};
			name = Debug;
		};
		FEFF805C2E91C9670084556B /* Release */ = {
			isa = XCBuildConfiguration;
			buildSettings = {
				BUNDLE_LOADER = "$(TEST_HOST)";
				CODE_SIGN_STYLE = Automatic;
				CURRENT_PROJECT_VERSION = 1;
				DEVELOPMENT_TEAM = T8J393GKX3;
				GENERATE_INFOPLIST_FILE = YES;
				IPHONEOS_DEPLOYMENT_TARGET = 26.0;
				MARKETING_VERSION = 1.0;
				PRODUCT_BUNDLE_IDENTIFIER = Chey.WeatherOrNotTests;
				PRODUCT_NAME = "$(TARGET_NAME)";
				STRING_CATALOG_GENERATE_SYMBOLS = NO;
				SWIFT_APPROACHABLE_CONCURRENCY = YES;
				SWIFT_EMIT_LOC_STRINGS = NO;
				SWIFT_UPCOMING_FEATURE_MEMBER_IMPORT_VISIBILITY = YES;
				SWIFT_VERSION = 5.0;
				TARGETED_DEVICE_FAMILY = "1,2";
				TEST_HOST = "$(BUILT_PRODUCTS_DIR)/WeatherOrNot.app/$(BUNDLE_EXECUTABLE_FOLDER_PATH)/WeatherOrNot";
			};
			name = Release;
		};
		FEFF805E2E91C9670084556B /* Debug */ = {
			isa = XCBuildConfiguration;
			buildSettings = {
				CODE_SIGN_STYLE = Automatic;
				CURRENT_PROJECT_VERSION = 1;
				DEVELOPMENT_TEAM = T8J393GKX3;
				GENERATE_INFOPLIST_FILE = YES;
				MARKETING_VERSION = 1.0;
				PRODUCT_BUNDLE_IDENTIFIER = Chey.WeatherOrNotUITests;
				PRODUCT_NAME = "$(TARGET_NAME)";
				STRING_CATALOG_GENERATE_SYMBOLS = NO;
				SWIFT_APPROACHABLE_CONCURRENCY = YES;
				SWIFT_EMIT_LOC_STRINGS = NO;
				SWIFT_UPCOMING_FEATURE_MEMBER_IMPORT_VISIBILITY = YES;
				SWIFT_VERSION = 5.0;
				TARGETED_DEVICE_FAMILY = "1,2";
				TEST_TARGET_NAME = WeatherOrNot;
			};
			name = Debug;
		};
		FEFF805F2E91C9670084556B /* Release */ = {
			isa = XCBuildConfiguration;
			buildSettings = {
				CODE_SIGN_STYLE = Automatic;
				CURRENT_PROJECT_VERSION = 1;
				DEVELOPMENT_TEAM = T8J393GKX3;
				GENERATE_INFOPLIST_FILE = YES;
				MARKETING_VERSION = 1.0;
				PRODUCT_BUNDLE_IDENTIFIER = Chey.WeatherOrNotUITests;
				PRODUCT_NAME = "$(TARGET_NAME)";
				STRING_CATALOG_GENERATE_SYMBOLS = NO;
				SWIFT_APPROACHABLE_CONCURRENCY = YES;
				SWIFT_EMIT_LOC_STRINGS = NO;
				SWIFT_UPCOMING_FEATURE_MEMBER_IMPORT_VISIBILITY = YES;
				SWIFT_VERSION = 5.0;
				TARGETED_DEVICE_FAMILY = "1,2";
				TEST_TARGET_NAME = WeatherOrNot;
			};
			name = Release;
		};
/* End XCBuildConfiguration section */

/* Begin XCConfigurationList section */
		FEFF80312E91C9640084556B /* Build configuration list for PBXProject "WeatherOrNot" */ = {
			isa = XCConfigurationList;
			buildConfigurations = (
				FEFF80552E91C9670084556B /* Debug */,
				FEFF80562E91C9670084556B /* Release */,
			);
			defaultConfigurationIsVisible = 0;
			defaultConfigurationName = Release;
		};
		FEFF80572E91C9670084556B /* Build configuration list for PBXNativeTarget "WeatherOrNot" */ = {
			isa = XCConfigurationList;
			buildConfigurations = (
				FEFF80582E91C9670084556B /* Debug */,
				FEFF80592E91C9670084556B /* Release */,
			);
			defaultConfigurationIsVisible = 0;
			defaultConfigurationName = Release;
		};
		FEFF805A2E91C9670084556B /* Build configuration list for PBXNativeTarget "WeatherOrNotTests" */ = {
			isa = XCConfigurationList;
			buildConfigurations = (
				FEFF805B2E91C9670084556B /* Debug */,
				FEFF805C2E91C9670084556B /* Release */,
			);
			defaultConfigurationIsVisible = 0;
			defaultConfigurationName = Release;
		};
		FEFF805D2E91C9670084556B /* Build configuration list for PBXNativeTarget "WeatherOrNotUITests" */ = {
			isa = XCConfigurationList;
			buildConfigurations = (
				FEFF805E2E91C9670084556B /* Debug */,
				FEFF805F2E91C9670084556B /* Release */,
			);
			defaultConfigurationIsVisible = 0;
			defaultConfigurationName = Release;
		};
/* End XCConfigurationList section */

/* Begin XCRemoteSwiftPackageReference section */
		FEF340572E94C3ED000E3D37 /* XCRemoteSwiftPackageReference "ParallaxSwiftUI" */ = {
			isa = XCRemoteSwiftPackageReference;
			repositoryURL = "https://github.com/Priva28/ParallaxSwiftUI";
			requirement = {
				kind = upToNextMajorVersion;
				minimumVersion = 1.0.5;
			};
		};
		FEFE65792E93999E00A4528D /* XCRemoteSwiftPackageReference "generative-ai-swift" */ = {
			isa = XCRemoteSwiftPackageReference;
			repositoryURL = "https://github.com/google/generative-ai-swift";
			requirement = {
				kind = upToNextMajorVersion;
				minimumVersion = 0.5.6;
			};
		};
/* End XCRemoteSwiftPackageReference section */

/* Begin XCSwiftPackageProductDependency section */
		FEF340582E94C3ED000E3D37 /* ParallaxSwiftUI */ = {
			isa = XCSwiftPackageProductDependency;
			package = FEF340572E94C3ED000E3D37 /* XCRemoteSwiftPackageReference "ParallaxSwiftUI" */;
			productName = ParallaxSwiftUI;
		};
		FEFE657A2E93999E00A4528D /* GoogleGenerativeAI */ = {
			isa = XCSwiftPackageProductDependency;
			package = FEFE65792E93999E00A4528D /* XCRemoteSwiftPackageReference "generative-ai-swift" */;
			productName = GoogleGenerativeAI;
		};
/* End XCSwiftPackageProductDependency section */
	};
	rootObject = FEFF802E2E91C9640084556B /* Project object */;
}
